
Microsoft Visual Studio Solution File, Format Version 12.00
# Visual Studio Version 16
VisualStudioVersion = 16.0.28803.452
MinimumVisualStudioVersion = 10.0.40219.1
Project("{FAE04EC0-301F-11D3-BF4B-00C04F79EFBC}") = "FruitProject", "FruitProject\FruitProject.csproj", "{F74C34A4-322D-46C8-A4DC-4ED323D41009}"
EndProject
Global
	GlobalSection(SolutionConfigurationPlatforms) = preSolution
		Debug|Any CPU = Debug|Any CPU
		Release|Any CPU = Release|Any CPU
	EndGlobalSection
	GlobalSection(ProjectConfigurationPlatforms) = postSolution
		{F74C34A4-322D-46C8-A4DC-4ED323D41009}.Debug|Any CPU.ActiveCfg = Debug|Any CPU
		{F74C34A4-322D-46C8-A4DC-4ED323D41009}.Debug|Any CPU.Build.0 = Debug|Any CPU
		{F74C34A4-322D-46C8-A4DC-4ED323D41009}.Release|Any CPU.ActiveCfg = Release|Any CPU
		{F74C34A4-322D-46C8-A4DC-4ED323D41009}.Release|Any CPU.Build.0 = Release|Any CPU
	EndGlobalSection
	GlobalSection(SolutionProperties) = preSolution
		HideSolutionNode = FALSE
	EndGlobalSection
	GlobalSection(ExtensibilityGlobals) = postSolution
		SolutionGuid = {68DFAD4E-1453-4D8F-A0C7-205E551C6D90}
	EndGlobalSection
EndGlobal
